PODS:
  - Capacitor (5.1.1):
    - CapacitorCordova
  - CapacitorCordova (5.1.1)
  - CapacitorPreferences (5.0.5):
    - Capacitor
  - CapacitorSplashScreen (5.0.5):
    - Capacitor

DEPENDENCIES:
  - "Capacitor (from `../../node_modules/@capacitor/ios`)"
  - "CapacitorCordova (from `../../node_modules/@capacitor/ios`)"
  - "CapacitorPreferences (from `../../node_modules/@capacitor/preferences`)"
  - "CapacitorSplashScreen (from `../../node_modules/@capacitor/splash-screen`)"

EXTERNAL SOURCES:
  Capacitor:
    :path: "../../node_modules/@capacitor/ios"
  CapacitorCordova:
    :path: "../../node_modules/@capacitor/ios"
  CapacitorPreferences:
    :path: "../../node_modules/@capacitor/preferences"
  CapacitorSplashScreen:
    :path: "../../node_modules/@capacitor/splash-screen"

SPEC CHECKSUMS:
  Capacitor: 55956e1199b63efcd7f2dedffa5c6b9129c45aae
  CapacitorCordova: b31a46ad379c93a5c04e0598a6164e8cb90c2bb2
  CapacitorPreferences: c4764b0b3beae28c625c87b1a80504d9b24947ec
  CapacitorSplashScreen: e563abf6d590bfe0269515ccc9d8bc03c41f32e9

PODFILE CHECKSUM: d8c231129f3bb3fbea57b1e13bea65b6196ebbfd

COCOAPODS: 1.12.1
